
Microsoft Visual Studio Solution File, Format Version 12.00
# Visual Studio Version 17
VisualStudioVersion = 17.8.34309.116
MinimumVisualStudioVersion = 10.0.40219.1
Project("{FAE04EC0-301F-11D3-BF4B-00C04F79EFBC}") = "TangyWeb_Serer", "TangyWeb_Serer\TangyWeb_Serer.csproj", "{114E14D3-2CC7-4D32-B3C2-0B638CD53A88}"
EndProject
Global
	GlobalSection(SolutionConfigurationPlatforms) = preSolution
		Debug|Any CPU = Debug|Any CPU
		Release|Any CPU = Release|Any CPU
	EndGlobalSection
	GlobalSection(ProjectConfigurationPlatforms) = postSolution
		{114E14D3-2CC7-4D32-B3C2-0B638CD53A88}.Debug|Any CPU.ActiveCfg = Debug|Any CPU
		{114E14D3-2CC7-4D32-B3C2-0B638CD53A88}.Debug|Any CPU.Build.0 = Debug|Any CPU
		{114E14D3-2CC7-4D32-B3C2-0B638CD53A88}.Release|Any CPU.ActiveCfg = Release|Any CPU
		{114E14D3-2CC7-4D32-B3C2-0B638CD53A88}.Release|Any CPU.Build.0 = Release|Any CPU
	EndGlobalSection
	GlobalSection(SolutionProperties) = preSolution
		HideSolutionNode = FALSE
	EndGlobalSection
	GlobalSection(ExtensibilityGlobals) = postSolution
		SolutionGuid = {FF35E9F4-A12C-413E-B4B3-D6317C733256}
	EndGlobalSection
EndGlobal
